// !$*UTF8*$!
{
	archiveVersion = 1;
	classes = {
	};
	objectVersion = 50;
	objects = {

/* Begin PBXBuildFile section */
		AE02089CF918FB2CF2F5EA99 /* Pods_Badi.framework in Frameworks */ = {isa = PBXBuildFile; fileRef = ABF9D180BA8129E00D3E204E /* Pods_Badi.framework */; };
		CE28E18F23E8CFA80027C87D /* RoomsViewController.xib in Resources */ = {isa = PBXBuildFile; fileRef = CE28E18E23E8CFA80027C87D /* RoomsViewController.xib */; };
		CE28E19123E8DBBC0027C87D /* Button.swift in Sources */ = {isa = PBXBuildFile; fileRef = CE28E19023E8DBBC0027C87D /* Button.swift */; };
		CE54479C23DAEE7B0054608F /* Router.swift in Sources */ = {isa = PBXBuildFile; fileRef = CE54479B23DAEE7B0054608F /* Router.swift */; };
		CE54479E23DAF0940054608F /* SearchPresenter.swift in Sources */ = {isa = PBXBuildFile; fileRef = CE54479D23DAF0940054608F /* SearchPresenter.swift */; };
		CE5447A123DAF5AF0054608F /* Database.swift in Sources */ = {isa = PBXBuildFile; fileRef = CE5447A023DAF5AF0054608F /* Database.swift */; };
		CE5447A323DAF6850054608F /* SearchInteractor.swift in Sources */ = {isa = PBXBuildFile; fileRef = CE5447A223DAF6850054608F /* SearchInteractor.swift */; };
		CE583D7723E84FCA00FFBE06 /* Owner.swift in Sources */ = {isa = PBXBuildFile; fileRef = CE583D7623E84FCA00FFBE06 /* Owner.swift */; };
		CE6C733023E73BCD00E194B4 /* DataRetriver.swift in Sources */ = {isa = PBXBuildFile; fileRef = CE6C732F23E73BCD00E194B4 /* DataRetriver.swift */; };
		CE6C733223E73C4000E194B4 /* URLDataRetriver.swift in Sources */ = {isa = PBXBuildFile; fileRef = CE6C733123E73C4000E194B4 /* URLDataRetriver.swift */; };
		CE6C733423E748A800E194B4 /* Photo.swift in Sources */ = {isa = PBXBuildFile; fileRef = CE6C733323E748A800E194B4 /* Photo.swift */; };
		CE6D32BC23E8560E00EC0002 /* RoomDetail.swift in Sources */ = {isa = PBXBuildFile; fileRef = CE6D32BB23E8560E00EC0002 /* RoomDetail.swift */; };
		CE73B1A823DC69CA009A8A8A /* Room.swift in Sources */ = {isa = PBXBuildFile; fileRef = CE73B1A723DC69CA009A8A8A /* Room.swift */; };
		CE73B1AB23DC6CCF009A8A8A /* RoomsViewController.swift in Sources */ = {isa = PBXBuildFile; fileRef = CE73B1AA23DC6CCF009A8A8A /* RoomsViewController.swift */; };
		CE73B1AD23DC7211009A8A8A /* ViewProtocol.swift in Sources */ = {isa = PBXBuildFile; fileRef = CE73B1AC23DC7211009A8A8A /* ViewProtocol.swift */; };
		CE73B1B423DC7B82009A8A8A /* RoomTableViewCell.swift in Sources */ = {isa = PBXBuildFile; fileRef = CE73B1B223DC7B82009A8A8A /* RoomTableViewCell.swift */; };
		CE73B1B523DC7B82009A8A8A /* RoomTableViewCell.xib in Resources */ = {isa = PBXBuildFile; fileRef = CE73B1B323DC7B82009A8A8A /* RoomTableViewCell.xib */; };
		CE73B1C123DC9AD6009A8A8A /* HomeViewController.swift in Sources */ = {isa = PBXBuildFile; fileRef = CE73B1BF23DC9AD6009A8A8A /* HomeViewController.swift */; };
		CE73B1C223DC9AD6009A8A8A /* HomeViewController.xib in Resources */ = {isa = PBXBuildFile; fileRef = CE73B1C023DC9AD6009A8A8A /* HomeViewController.xib */; };
		CE73B1C423DCACC7009A8A8A /* RoomsInteractor.swift in Sources */ = {isa = PBXBuildFile; fileRef = CE73B1C323DCACC7009A8A8A /* RoomsInteractor.swift */; };
		CE73B1C623DCADBF009A8A8A /* RoomsPresenter.swift in Sources */ = {isa = PBXBuildFile; fileRef = CE73B1C523DCADBF009A8A8A /* RoomsPresenter.swift */; };
		CE73B1C823DCB57F009A8A8A /* HomeInteractor.swift in Sources */ = {isa = PBXBuildFile; fileRef = CE73B1C723DCB57F009A8A8A /* HomeInteractor.swift */; };
		CE73B1CA23DCB5DC009A8A8A /* HomePresenter.swift in Sources */ = {isa = PBXBuildFile; fileRef = CE73B1C923DCB5DC009A8A8A /* HomePresenter.swift */; };
		CEC4AE7223D5F02000A9CF6B /* AppDelegate.swift in Sources */ = {isa = PBXBuildFile; fileRef = CEC4AE7123D5F02000A9CF6B /* AppDelegate.swift */; };
		CEC4AE7B23D5F02100A9CF6B /* Assets.xcassets in Resources */ = {isa = PBXBuildFile; fileRef = CEC4AE7A23D5F02100A9CF6B /* Assets.xcassets */; };
		CEC4AE7E23D5F02100A9CF6B /* LaunchScreen.storyboard in Resources */ = {isa = PBXBuildFile; fileRef = CEC4AE7C23D5F02100A9CF6B /* LaunchScreen.storyboard */; };
		CEC4AE8923D5F02100A9CF6B /* BadiTests.swift in Sources */ = {isa = PBXBuildFile; fileRef = CEC4AE8823D5F02100A9CF6B /* BadiTests.swift */; };
		CEC4AE9E23D6014700A9CF6B /* LocationTableViewCell.swift in Sources */ = {isa = PBXBuildFile; fileRef = CEC4AE9C23D6014700A9CF6B /* LocationTableViewCell.swift */; };
		CEC4AE9F23D6014700A9CF6B /* LocationTableViewCell.xib in Resources */ = {isa = PBXBuildFile; fileRef = CEC4AE9D23D6014700A9CF6B /* LocationTableViewCell.xib */; };
		CEC4AEA223D603D700A9CF6B /* Location.swift in Sources */ = {isa = PBXBuildFile; fileRef = CEC4AEA123D603D700A9CF6B /* Location.swift */; };
		CEC4AEA523D604CE00A9CF6B /* Thread.swift in Sources */ = {isa = PBXBuildFile; fileRef = CEC4AEA423D604CE00A9CF6B /* Thread.swift */; };
		CEC4AEA723D604DA00A9CF6B /* String.swift in Sources */ = {isa = PBXBuildFile; fileRef = CEC4AEA623D604DA00A9CF6B /* String.swift */; };
		CEF11D1123E0763700457315 /* SearchViewController.swift in Sources */ = {isa = PBXBuildFile; fileRef = CEF11D0F23E0763700457315 /* SearchViewController.swift */; };
		CEF11D1623E0836A00457315 /* DetailViewController.swift in Sources */ = {isa = PBXBuildFile; fileRef = CEF11D1423E0836A00457315 /* DetailViewController.swift */; };
		CEF11D1723E0836A00457315 /* DetailViewController.xib in Resources */ = {isa = PBXBuildFile; fileRef = CEF11D1523E0836A00457315 /* DetailViewController.xib */; };
		CEF11D1923E0847500457315 /* DetailInteractor.swift in Sources */ = {isa = PBXBuildFile; fileRef = CEF11D1823E0847500457315 /* DetailInteractor.swift */; };
		CEF11D1B23E084A800457315 /* DetailPresenter.swift in Sources */ = {isa = PBXBuildFile; fileRef = CEF11D1A23E084A800457315 /* DetailPresenter.swift */; };
		CEF11D2623E1EB6F00457315 /* SearchViewController.xib in Resources */ = {isa = PBXBuildFile; fileRef = CEF11D2523E1EB6F00457315 /* SearchViewController.xib */; };
		EFDFBC36BA26696CD1278382 /* Pods_BadiTests.framework in Frameworks */ = {isa = PBXBuildFile; fileRef = B1C9D76AE448DFEE9DAF7C28 /* Pods_BadiTests.framework */; };
/* End PBXBuildFile section */

/* Begin PBXContainerItemProxy section */
		CEC4AE8523D5F02100A9CF6B /* PBXContainerItemProxy */ = {
			isa = PBXContainerItemProxy;
			containerPortal = CEC4AE6623D5F02000A9CF6B /* Project object */;
			proxyType = 1;
			remoteGlobalIDString = CEC4AE6D23D5F02000A9CF6B;
			remoteInfo = Badi;
		};
/* End PBXContainerItemProxy section */

/* Begin PBXFileReference section */
		33AA84083543E75C0D881E8B /* Pods-BadiTests.debug.xcconfig */ = {isa = PBXFileReference; includeInIndex = 1; lastKnownFileType = text.xcconfig; name = "Pods-BadiTests.debug.xcconfig"; path = "Target Support Files/Pods-BadiTests/Pods-BadiTests.debug.xcconfig"; sourceTree = "<group>"; };
		844EB62DA6C4F7E6BA632D55 /* Pods-Badi.debug.xcconfig */ = {isa = PBXFileReference; includeInIndex = 1; lastKnownFileType = text.xcconfig; name = "Pods-Badi.debug.xcconfig"; path = "Target Support Files/Pods-Badi/Pods-Badi.debug.xcconfig"; sourceTree = "<group>"; };
		ABF9D180BA8129E00D3E204E /* Pods_Badi.framework */ = {isa = PBXFileReference; explicitFileType = wrapper.framework; includeInIndex = 0; path = Pods_Badi.framework; sourceTree = BUILT_PRODUCTS_DIR; };
		B1C9D76AE448DFEE9DAF7C28 /* Pods_BadiTests.framework */ = {isa = PBXFileReference; explicitFileType = wrapper.framework; includeInIndex = 0; path = Pods_BadiTests.framework; sourceTree = BUILT_PRODUCTS_DIR; };
		CE28E18E23E8CFA80027C87D /* RoomsViewController.xib */ = {isa = PBXFileReference; fileEncoding = 4; lastKnownFileType = file.xib; path = RoomsViewController.xib; sourceTree = "<group>"; };
		CE28E19023E8DBBC0027C87D /* Button.swift */ = {isa = PBXFileReference; lastKnownFileType = sourcecode.swift; path = Button.swift; sourceTree = "<group>"; };
		CE54479B23DAEE7B0054608F /* Router.swift */ = {isa = PBXFileReference; lastKnownFileType = sourcecode.swift; path = Router.swift; sourceTree = "<group>"; };
		CE54479D23DAF0940054608F /* SearchPresenter.swift */ = {isa = PBXFileReference; lastKnownFileType = sourcecode.swift; path = SearchPresenter.swift; sourceTree = "<group>"; };
		CE5447A023DAF5AF0054608F /* Database.swift */ = {isa = PBXFileReference; lastKnownFileType = sourcecode.swift; path = Database.swift; sourceTree = "<group>"; };
		CE5447A223DAF6850054608F /* SearchInteractor.swift */ = {isa = PBXFileReference; lastKnownFileType = sourcecode.swift; path = SearchInteractor.swift; sourceTree = "<group>"; };
		CE583D7623E84FCA00FFBE06 /* Owner.swift */ = {isa = PBXFileReference; fileEncoding = 4; lastKnownFileType = sourcecode.swift; path = Owner.swift; sourceTree = "<group>"; };
		CE6C732F23E73BCD00E194B4 /* DataRetriver.swift */ = {isa = PBXFileReference; lastKnownFileType = sourcecode.swift; path = DataRetriver.swift; sourceTree = "<group>"; };
		CE6C733123E73C4000E194B4 /* URLDataRetriver.swift */ = {isa = PBXFileReference; lastKnownFileType = sourcecode.swift; path = URLDataRetriver.swift; sourceTree = "<group>"; };
		CE6C733323E748A800E194B4 /* Photo.swift */ = {isa = PBXFileReference; lastKnownFileType = sourcecode.swift; path = Photo.swift; sourceTree = "<group>"; };
		CE6D32BB23E8560E00EC0002 /* RoomDetail.swift */ = {isa = PBXFileReference; lastKnownFileType = sourcecode.swift; path = RoomDetail.swift; sourceTree = "<group>"; };
		CE73B1A723DC69CA009A8A8A /* Room.swift */ = {isa = PBXFileReference; lastKnownFileType = sourcecode.swift; path = Room.swift; sourceTree = "<group>"; };
		CE73B1AA23DC6CCF009A8A8A /* RoomsViewController.swift */ = {isa = PBXFileReference; lastKnownFileType = sourcecode.swift; path = RoomsViewController.swift; sourceTree = "<group>"; };
		CE73B1AC23DC7211009A8A8A /* ViewProtocol.swift */ = {isa = PBXFileReference; lastKnownFileType = sourcecode.swift; path = ViewProtocol.swift; sourceTree = "<group>"; };
		CE73B1B223DC7B82009A8A8A /* RoomTableViewCell.swift */ = {isa = PBXFileReference; lastKnownFileType = sourcecode.swift; path = RoomTableViewCell.swift; sourceTree = "<group>"; };
		CE73B1B323DC7B82009A8A8A /* RoomTableViewCell.xib */ = {isa = PBXFileReference; lastKnownFileType = file.xib; path = RoomTableViewCell.xib; sourceTree = "<group>"; };
		CE73B1BF23DC9AD6009A8A8A /* HomeViewController.swift */ = {isa = PBXFileReference; lastKnownFileType = sourcecode.swift; path = HomeViewController.swift; sourceTree = "<group>"; };
		CE73B1C023DC9AD6009A8A8A /* HomeViewController.xib */ = {isa = PBXFileReference; lastKnownFileType = file.xib; path = HomeViewController.xib; sourceTree = "<group>"; };
		CE73B1C323DCACC7009A8A8A /* RoomsInteractor.swift */ = {isa = PBXFileReference; lastKnownFileType = sourcecode.swift; path = RoomsInteractor.swift; sourceTree = "<group>"; };
		CE73B1C523DCADBF009A8A8A /* RoomsPresenter.swift */ = {isa = PBXFileReference; lastKnownFileType = sourcecode.swift; path = RoomsPresenter.swift; sourceTree = "<group>"; };
		CE73B1C723DCB57F009A8A8A /* HomeInteractor.swift */ = {isa = PBXFileReference; lastKnownFileType = sourcecode.swift; path = HomeInteractor.swift; sourceTree = "<group>"; };
		CE73B1C923DCB5DC009A8A8A /* HomePresenter.swift */ = {isa = PBXFileReference; lastKnownFileType = sourcecode.swift; path = HomePresenter.swift; sourceTree = "<group>"; };
		CEC4AE6E23D5F02000A9CF6B /* Badi.app */ = {isa = PBXFileReference; explicitFileType = wrapper.application; includeInIndex = 0; path = Badi.app; sourceTree = BUILT_PRODUCTS_DIR; };
		CEC4AE7123D5F02000A9CF6B /* AppDelegate.swift */ = {isa = PBXFileReference; lastKnownFileType = sourcecode.swift; path = AppDelegate.swift; sourceTree = "<group>"; };
		CEC4AE7A23D5F02100A9CF6B /* Assets.xcassets */ = {isa = PBXFileReference; lastKnownFileType = folder.assetcatalog; path = Assets.xcassets; sourceTree = "<group>"; };
		CEC4AE7D23D5F02100A9CF6B /* Base */ = {isa = PBXFileReference; lastKnownFileType = file.storyboard; name = Base; path = Base.lproj/LaunchScreen.storyboard; sourceTree = "<group>"; };
		CEC4AE7F23D5F02100A9CF6B /* Info.plist */ = {isa = PBXFileReference; lastKnownFileType = text.plist.xml; path = Info.plist; sourceTree = "<group>"; };
		CEC4AE8423D5F02100A9CF6B /* BadiTests.xctest */ = {isa = PBXFileReference; explicitFileType = wrapper.cfbundle; includeInIndex = 0; path = BadiTests.xctest; sourceTree = BUILT_PRODUCTS_DIR; };
		CEC4AE8823D5F02100A9CF6B /* BadiTests.swift */ = {isa = PBXFileReference; lastKnownFileType = sourcecode.swift; path = BadiTests.swift; sourceTree = "<group>"; };
		CEC4AE8A23D5F02100A9CF6B /* Info.plist */ = {isa = PBXFileReference; lastKnownFileType = text.plist.xml; path = Info.plist; sourceTree = "<group>"; };
		CEC4AE9C23D6014700A9CF6B /* LocationTableViewCell.swift */ = {isa = PBXFileReference; lastKnownFileType = sourcecode.swift; path = LocationTableViewCell.swift; sourceTree = "<group>"; };
		CEC4AE9D23D6014700A9CF6B /* LocationTableViewCell.xib */ = {isa = PBXFileReference; lastKnownFileType = file.xib; path = LocationTableViewCell.xib; sourceTree = "<group>"; };
		CEC4AEA123D603D700A9CF6B /* Location.swift */ = {isa = PBXFileReference; fileEncoding = 4; lastKnownFileType = sourcecode.swift; path = Location.swift; sourceTree = "<group>"; };
		CEC4AEA423D604CE00A9CF6B /* Thread.swift */ = {isa = PBXFileReference; fileEncoding = 4; lastKnownFileType = sourcecode.swift; path = Thread.swift; sourceTree = "<group>"; };
		CEC4AEA623D604DA00A9CF6B /* String.swift */ = {isa = PBXFileReference; fileEncoding = 4; lastKnownFileType = sourcecode.swift; path = String.swift; sourceTree = "<group>"; };
		CEF11D0F23E0763700457315 /* SearchViewController.swift */ = {isa = PBXFileReference; lastKnownFileType = sourcecode.swift; path = SearchViewController.swift; sourceTree = "<group>"; };
		CEF11D1423E0836A00457315 /* DetailViewController.swift */ = {isa = PBXFileReference; lastKnownFileType = sourcecode.swift; path = DetailViewController.swift; sourceTree = "<group>"; };
		CEF11D1523E0836A00457315 /* DetailViewController.xib */ = {isa = PBXFileReference; lastKnownFileType = file.xib; path = DetailViewController.xib; sourceTree = "<group>"; };
		CEF11D1823E0847500457315 /* DetailInteractor.swift */ = {isa = PBXFileReference; lastKnownFileType = sourcecode.swift; path = DetailInteractor.swift; sourceTree = "<group>"; };
		CEF11D1A23E084A800457315 /* DetailPresenter.swift */ = {isa = PBXFileReference; lastKnownFileType = sourcecode.swift; path = DetailPresenter.swift; sourceTree = "<group>"; };
		CEF11D2523E1EB6F00457315 /* SearchViewController.xib */ = {isa = PBXFileReference; fileEncoding = 4; lastKnownFileType = file.xib; path = SearchViewController.xib; sourceTree = "<group>"; };
		D6318277FB2BB0780B3E3E3B /* Pods-BadiTests.release.xcconfig */ = {isa = PBXFileReference; includeInIndex = 1; lastKnownFileType = text.xcconfig; name = "Pods-BadiTests.release.xcconfig"; path = "Target Support Files/Pods-BadiTests/Pods-BadiTests.release.xcconfig"; sourceTree = "<group>"; };
		E190F78E27B1C24322D22EDB /* Pods-Badi.release.xcconfig */ = {isa = PBXFileReference; includeInIndex = 1; lastKnownFileType = text.xcconfig; name = "Pods-Badi.release.xcconfig"; path = "Target Support Files/Pods-Badi/Pods-Badi.release.xcconfig"; sourceTree = "<group>"; };
/* End PBXFileReference section */

/* Begin PBXFrameworksBuildPhase section */
		CEC4AE6B23D5F02000A9CF6B /* Frameworks */ = {
			isa = PBXFrameworksBuildPhase;
			buildActionMask = 2147483647;
			files = (
				AE02089CF918FB2CF2F5EA99 /* Pods_Badi.framework in Frameworks */,
			);
			runOnlyForDeploymentPostprocessing = 0;
		};
		CEC4AE8123D5F02100A9CF6B /* Frameworks */ = {
			isa = PBXFrameworksBuildPhase;
			buildActionMask = 2147483647;
			files = (
				EFDFBC36BA26696CD1278382 /* Pods_BadiTests.framework in Frameworks */,
			);
			runOnlyForDeploymentPostprocessing = 0;
		};
/* End PBXFrameworksBuildPhase section */

/* Begin PBXGroup section */
		074800A476875DF9BBBD2F60 /* Pods */ = {
			isa = PBXGroup;
			children = (
				844EB62DA6C4F7E6BA632D55 /* Pods-Badi.debug.xcconfig */,
				E190F78E27B1C24322D22EDB /* Pods-Badi.release.xcconfig */,
				33AA84083543E75C0D881E8B /* Pods-BadiTests.debug.xcconfig */,
				D6318277FB2BB0780B3E3E3B /* Pods-BadiTests.release.xcconfig */,
			);
			path = Pods;
			sourceTree = "<group>";
		};
		0DE3BD1B6683370E396C6347 /* Frameworks */ = {
			isa = PBXGroup;
			children = (
				ABF9D180BA8129E00D3E204E /* Pods_Badi.framework */,
				B1C9D76AE448DFEE9DAF7C28 /* Pods_BadiTests.framework */,
			);
			name = Frameworks;
			sourceTree = "<group>";
		};
		CE3CA96923D841EC0049CA3C /* View */ = {
			isa = PBXGroup;
			children = (
				CE73B1AC23DC7211009A8A8A /* ViewProtocol.swift */,
				CE73B1BA23DC9A4A009A8A8A /* Home */,
				CEC4AE9423D5FDB700A9CF6B /* Search */,
				CE73B1A923DC6C57009A8A8A /* Rooms */,
				CEF11D1323E0831200457315 /* Detail */,
			);
			path = View;
			sourceTree = "<group>";
		};
		CE54479523DAEB210054608F /* Entities */ = {
			isa = PBXGroup;
			children = (
				CEC4AEA123D603D700A9CF6B /* Location.swift */,
				CE73B1A723DC69CA009A8A8A /* Room.swift */,
				CE6C733323E748A800E194B4 /* Photo.swift */,
				CE583D7623E84FCA00FFBE06 /* Owner.swift */,
				CE6D32BB23E8560E00EC0002 /* RoomDetail.swift */,
			);
			path = Entities;
			sourceTree = "<group>";
		};
		CE54479623DAEC090054608F /* Presenters */ = {
			isa = PBXGroup;
			children = (
				CE73B1C923DCB5DC009A8A8A /* HomePresenter.swift */,
				CE54479D23DAF0940054608F /* SearchPresenter.swift */,
				CE73B1C523DCADBF009A8A8A /* RoomsPresenter.swift */,
				CEF11D1A23E084A800457315 /* DetailPresenter.swift */,
			);
			path = Presenters;
			sourceTree = "<group>";
		};
		CE54479723DAED070054608F /* Router */ = {
			isa = PBXGroup;
			children = (
				CE54479B23DAEE7B0054608F /* Router.swift */,
			);
			path = Router;
			sourceTree = "<group>";
		};
		CE54479F23DAF47B0054608F /* Services */ = {
			isa = PBXGroup;
			children = (
				CE5447A023DAF5AF0054608F /* Database.swift */,
				CE6C732F23E73BCD00E194B4 /* DataRetriver.swift */,
				CE6C733123E73C4000E194B4 /* URLDataRetriver.swift */,
			);
			path = Services;
			sourceTree = "<group>";
		};
		CE73B1A923DC6C57009A8A8A /* Rooms */ = {
			isa = PBXGroup;
			children = (
				CE73B1AA23DC6CCF009A8A8A /* RoomsViewController.swift */,
				CE28E18E23E8CFA80027C87D /* RoomsViewController.xib */,
				CEF11D1D23E1ABB000457315 /* Cell */,
			);
			path = Rooms;
			sourceTree = "<group>";
		};
		CE73B1BA23DC9A4A009A8A8A /* Home */ = {
			isa = PBXGroup;
			children = (
				CE73B1BF23DC9AD6009A8A8A /* HomeViewController.swift */,
				CE73B1C023DC9AD6009A8A8A /* HomeViewController.xib */,
			);
			path = Home;
			sourceTree = "<group>";
		};
		CEC4AE6523D5F02000A9CF6B = {
			isa = PBXGroup;
			children = (
				CEC4AE7023D5F02000A9CF6B /* Badi */,
				CEC4AE8723D5F02100A9CF6B /* BadiTests */,
				CEC4AE6F23D5F02000A9CF6B /* Products */,
				074800A476875DF9BBBD2F60 /* Pods */,
				0DE3BD1B6683370E396C6347 /* Frameworks */,
			);
			sourceTree = "<group>";
		};
		CEC4AE6F23D5F02000A9CF6B /* Products */ = {
			isa = PBXGroup;
			children = (
				CEC4AE6E23D5F02000A9CF6B /* Badi.app */,
				CEC4AE8423D5F02100A9CF6B /* BadiTests.xctest */,
			);
			name = Products;
			sourceTree = "<group>";
		};
		CEC4AE7023D5F02000A9CF6B /* Badi */ = {
			isa = PBXGroup;
			children = (
				CEC4AE7123D5F02000A9CF6B /* AppDelegate.swift */,
				CE3CA96923D841EC0049CA3C /* View */,
				CEC4AE9723D5FE9300A9CF6B /* Interactors */,
				CE54479623DAEC090054608F /* Presenters */,
				CE54479523DAEB210054608F /* Entities */,
				CE54479723DAED070054608F /* Router */,
				CEC4AE9323D5F21800A9CF6B /* Supporting files */,
				CEC4AEA323D603FE00A9CF6B /* Utils */,
			);
			path = Badi;
			sourceTree = "<group>";
		};
		CEC4AE8723D5F02100A9CF6B /* BadiTests */ = {
			isa = PBXGroup;
			children = (
				CEC4AE8823D5F02100A9CF6B /* BadiTests.swift */,
				CEC4AE8A23D5F02100A9CF6B /* Info.plist */,
			);
			path = BadiTests;
			sourceTree = "<group>";
		};
		CEC4AE9323D5F21800A9CF6B /* Supporting files */ = {
			isa = PBXGroup;
			children = (
				CEC4AE7A23D5F02100A9CF6B /* Assets.xcassets */,
				CEC4AE7C23D5F02100A9CF6B /* LaunchScreen.storyboard */,
				CEC4AE7F23D5F02100A9CF6B /* Info.plist */,
			);
			path = "Supporting files";
			sourceTree = "<group>";
		};
		CEC4AE9423D5FDB700A9CF6B /* Search */ = {
			isa = PBXGroup;
			children = (
				CEF11D0F23E0763700457315 /* SearchViewController.swift */,
				CEF11D2523E1EB6F00457315 /* SearchViewController.xib */,
				CEF11D1C23E1AB9400457315 /* Cell */,
			);
			path = Search;
			sourceTree = "<group>";
		};
		CEC4AE9723D5FE9300A9CF6B /* Interactors */ = {
			isa = PBXGroup;
			children = (
				CE73B1C723DCB57F009A8A8A /* HomeInteractor.swift */,
				CE5447A223DAF6850054608F /* SearchInteractor.swift */,
				CE73B1C323DCACC7009A8A8A /* RoomsInteractor.swift */,
				CEF11D1823E0847500457315 /* DetailInteractor.swift */,
				CE54479F23DAF47B0054608F /* Services */,
			);
			path = Interactors;
			sourceTree = "<group>";
		};
		CEC4AEA323D603FE00A9CF6B /* Utils */ = {
			isa = PBXGroup;
			children = (
				CEC4AEA623D604DA00A9CF6B /* String.swift */,
				CEC4AEA423D604CE00A9CF6B /* Thread.swift */,
				CE28E19023E8DBBC0027C87D /* Button.swift */,
			);
			path = Utils;
			sourceTree = "<group>";
		};
		CEF11D1323E0831200457315 /* Detail */ = {
			isa = PBXGroup;
			children = (
				CEF11D1423E0836A00457315 /* DetailViewController.swift */,
				CEF11D1523E0836A00457315 /* DetailViewController.xib */,
			);
			path = Detail;
			sourceTree = "<group>";
		};
		CEF11D1C23E1AB9400457315 /* Cell */ = {
			isa = PBXGroup;
			children = (
				CEC4AE9C23D6014700A9CF6B /* LocationTableViewCell.swift */,
				CEC4AE9D23D6014700A9CF6B /* LocationTableViewCell.xib */,
			);
			path = Cell;
			sourceTree = "<group>";
		};
		CEF11D1D23E1ABB000457315 /* Cell */ = {
			isa = PBXGroup;
			children = (
				CE73B1B223DC7B82009A8A8A /* RoomTableViewCell.swift */,
				CE73B1B323DC7B82009A8A8A /* RoomTableViewCell.xib */,
			);
			path = Cell;
			sourceTree = "<group>";
		};
/* End PBXGroup section */

/* Begin PBXNativeTarget section */
		CEC4AE6D23D5F02000A9CF6B /* Badi */ = {
			isa = PBXNativeTarget;
			buildConfigurationList = CEC4AE8D23D5F02100A9CF6B /* Build configuration list for PBXNativeTarget "Badi" */;
			buildPhases = (
				EA34833001AFDEBC2287C2B1 /* [CP] Check Pods Manifest.lock */,
				CEC4AE6A23D5F02000A9CF6B /* Sources */,
				CEC4AE6B23D5F02000A9CF6B /* Frameworks */,
				CEC4AE6C23D5F02000A9CF6B /* Resources */,
			);
			buildRules = (
			);
			dependencies = (
			);
			name = Badi;
			productName = Badi;
			productReference = CEC4AE6E23D5F02000A9CF6B /* Badi.app */;
			productType = "com.apple.product-type.application";
		};
		CEC4AE8323D5F02100A9CF6B /* BadiTests */ = {
			isa = PBXNativeTarget;
			buildConfigurationList = CEC4AE9023D5F02100A9CF6B /* Build configuration list for PBXNativeTarget "BadiTests" */;
			buildPhases = (
				2F007AE54F8D59ED72FDB4C0 /* [CP] Check Pods Manifest.lock */,
				CEC4AE8023D5F02100A9CF6B /* Sources */,
				CEC4AE8123D5F02100A9CF6B /* Frameworks */,
				CEC4AE8223D5F02100A9CF6B /* Resources */,
			);
			buildRules = (
			);
			dependencies = (
				CEC4AE8623D5F02100A9CF6B /* PBXTargetDependency */,
			);
			name = BadiTests;
			productName = BadiTests;
			productReference = CEC4AE8423D5F02100A9CF6B /* BadiTests.xctest */;
			productType = "com.apple.product-type.bundle.unit-test";
		};
/* End PBXNativeTarget section */

/* Begin PBXProject section */
		CEC4AE6623D5F02000A9CF6B /* Project object */ = {
			isa = PBXProject;
			attributes = {
				LastSwiftUpdateCheck = 1130;
				LastUpgradeCheck = 1130;
				ORGANIZATIONNAME = BadiGeeks;
				TargetAttributes = {
					CEC4AE6D23D5F02000A9CF6B = {
						CreatedOnToolsVersion = 11.3.1;
					};
					CEC4AE8323D5F02100A9CF6B = {
						CreatedOnToolsVersion = 11.3.1;
						TestTargetID = CEC4AE6D23D5F02000A9CF6B;
					};
				};
			};
			buildConfigurationList = CEC4AE6923D5F02000A9CF6B /* Build configuration list for PBXProject "Badi" */;
			compatibilityVersion = "Xcode 9.3";
			developmentRegion = en;
			hasScannedForEncodings = 0;
			knownRegions = (
				en,
				Base,
			);
			mainGroup = CEC4AE6523D5F02000A9CF6B;
			productRefGroup = CEC4AE6F23D5F02000A9CF6B /* Products */;
			projectDirPath = "";
			projectRoot = "";
			targets = (
				CEC4AE6D23D5F02000A9CF6B /* Badi */,
				CEC4AE8323D5F02100A9CF6B /* BadiTests */,
			);
		};
/* End PBXProject section */

/* Begin PBXResourcesBuildPhase section */
		CEC4AE6C23D5F02000A9CF6B /* Resources */ = {
			isa = PBXResourcesBuildPhase;
			buildActionMask = 2147483647;
			files = (
				CEC4AE7E23D5F02100A9CF6B /* LaunchScreen.storyboard in Resources */,
				CEF11D1723E0836A00457315 /* DetailViewController.xib in Resources */,
				CEC4AE9F23D6014700A9CF6B /* LocationTableViewCell.xib in Resources */,
				CE73B1C223DC9AD6009A8A8A /* HomeViewController.xib in Resources */,
				CE73B1B523DC7B82009A8A8A /* RoomTableViewCell.xib in Resources */,
				CEC4AE7B23D5F02100A9CF6B /* Assets.xcassets in Resources */,
				CEF11D2623E1EB6F00457315 /* SearchViewController.xib in Resources */,
				CE28E18F23E8CFA80027C87D /* RoomsViewController.xib in Resources */,
			);
			runOnlyForDeploymentPostprocessing = 0;
		};
		CEC4AE8223D5F02100A9CF6B /* Resources */ = {
			isa = PBXResourcesBuildPhase;
			buildActionMask = 2147483647;
			files = (
			);
			runOnlyForDeploymentPostprocessing = 0;
		};
/* End PBXResourcesBuildPhase section */

/* Begin PBXShellScriptBuildPhase section */
		2F007AE54F8D59ED72FDB4C0 /* [CP] Check Pods Manifest.lock */ = {
			isa = PBXShellScriptBuildPhase;
			buildActionMask = 2147483647;
			files = (
			);
			inputFileListPaths = (
			);
			inputPaths = (
				"${PODS_PODFILE_DIR_PATH}/Podfile.lock",
				"${PODS_ROOT}/Manifest.lock",
			);
			name = "[CP] Check Pods Manifest.lock";
			outputFileListPaths = (
			);
			outputPaths = (
				"$(DERIVED_FILE_DIR)/Pods-BadiTests-checkManifestLockResult.txt",
			);
			runOnlyForDeploymentPostprocessing = 0;
			shellPath = /bin/sh;
			shellScript = "diff \"${PODS_PODFILE_DIR_PATH}/Podfile.lock\" \"${PODS_ROOT}/Manifest.lock\" > /dev/null\nif [ $? != 0 ] ; then\n    # print error to STDERR\n    echo \"error: The sandbox is not in sync with the Podfile.lock. Run 'pod install' or update your CocoaPods installation.\" >&2\n    exit 1\nfi\n# This output is used by Xcode 'outputs' to avoid re-running this script phase.\necho \"SUCCESS\" > \"${SCRIPT_OUTPUT_FILE_0}\"\n";
			showEnvVarsInLog = 0;
		};
		EA34833001AFDEBC2287C2B1 /* [CP] Check Pods Manifest.lock */ = {
			isa = PBXShellScriptBuildPhase;
			buildActionMask = 2147483647;
			files = (
			);
			inputFileListPaths = (
			);
			inputPaths = (
				"${PODS_PODFILE_DIR_PATH}/Podfile.lock",
				"${PODS_ROOT}/Manifest.lock",
			);
			name = "[CP] Check Pods Manifest.lock";
			outputFileListPaths = (
			);
			outputPaths = (
				"$(DERIVED_FILE_DIR)/Pods-Badi-checkManifestLockResult.txt",
			);
			runOnlyForDeploymentPostprocessing = 0;
			shellPath = /bin/sh;
			shellScript = "diff \"${PODS_PODFILE_DIR_PATH}/Podfile.lock\" \"${PODS_ROOT}/Manifest.lock\" > /dev/null\nif [ $? != 0 ] ; then\n    # print error to STDERR\n    echo \"error: The sandbox is not in sync with the Podfile.lock. Run 'pod install' or update your CocoaPods installation.\" >&2\n    exit 1\nfi\n# This output is used by Xcode 'outputs' to avoid re-running this script phase.\necho \"SUCCESS\" > \"${SCRIPT_OUTPUT_FILE_0}\"\n";
			showEnvVarsInLog = 0;
		};
/* End PBXShellScriptBuildPhase section */

/* Begin PBXSourcesBuildPhase section */
		CEC4AE6A23D5F02000A9CF6B /* Sources */ = {
			isa = PBXSourcesBuildPhase;
			buildActionMask = 2147483647;
			files = (
				CE73B1AB23DC6CCF009A8A8A /* RoomsViewController.swift in Sources */,
				CE54479E23DAF0940054608F /* SearchPresenter.swift in Sources */,
				CE54479C23DAEE7B0054608F /* Router.swift in Sources */,
				CE73B1C623DCADBF009A8A8A /* RoomsPresenter.swift in Sources */,
				CE5447A323DAF6850054608F /* SearchInteractor.swift in Sources */,
				CE73B1AD23DC7211009A8A8A /* ViewProtocol.swift in Sources */,
				CE6C733023E73BCD00E194B4 /* DataRetriver.swift in Sources */,
				CE28E19123E8DBBC0027C87D /* Button.swift in Sources */,
				CE6C733423E748A800E194B4 /* Photo.swift in Sources */,
				CE73B1C123DC9AD6009A8A8A /* HomeViewController.swift in Sources */,
				CEF11D1623E0836A00457315 /* DetailViewController.swift in Sources */,
				CEF11D1123E0763700457315 /* SearchViewController.swift in Sources */,
				CEC4AE9E23D6014700A9CF6B /* LocationTableViewCell.swift in Sources */,
				CEC4AEA523D604CE00A9CF6B /* Thread.swift in Sources */,
				CE583D7723E84FCA00FFBE06 /* Owner.swift in Sources */,
				CEC4AEA723D604DA00A9CF6B /* String.swift in Sources */,
				CEC4AE7223D5F02000A9CF6B /* AppDelegate.swift in Sources */,
				CEC4AEA223D603D700A9CF6B /* Location.swift in Sources */,
				CE73B1C423DCACC7009A8A8A /* RoomsInteractor.swift in Sources */,
				CE6D32BC23E8560E00EC0002 /* RoomDetail.swift in Sources */,
				CE6C733223E73C4000E194B4 /* URLDataRetriver.swift in Sources */,
				CEF11D1B23E084A800457315 /* DetailPresenter.swift in Sources */,
				CE73B1B423DC7B82009A8A8A /* RoomTableViewCell.swift in Sources */,
				CE73B1CA23DCB5DC009A8A8A /* HomePresenter.swift in Sources */,
				CE73B1C823DCB57F009A8A8A /* HomeInteractor.swift in Sources */,
				CEF11D1923E0847500457315 /* DetailInteractor.swift in Sources */,
				CE5447A123DAF5AF0054608F /* Database.swift in Sources */,
				CE73B1A823DC69CA009A8A8A /* Room.swift in Sources */,
			);
			runOnlyForDeploymentPostprocessing = 0;
		};
		CEC4AE8023D5F02100A9CF6B /* Sources */ = {
			isa = PBXSourcesBuildPhase;
			buildActionMask = 2147483647;
			files = (
				CEC4AE8923D5F02100A9CF6B /* BadiTests.swift in Sources */,
			);
			runOnlyForDeploymentPostprocessing = 0;
		};
/* End PBXSourcesBuildPhase section */

/* Begin PBXTargetDependency section */
		CEC4AE8623D5F02100A9CF6B /* PBXTargetDependency */ = {
			isa = PBXTargetDependency;
			target = CEC4AE6D23D5F02000A9CF6B /* Badi */;
			targetProxy = CEC4AE8523D5F02100A9CF6B /* PBXContainerItemProxy */;
		};
/* End PBXTargetDependency section */

/* Begin PBXVariantGroup section */
		CEC4AE7C23D5F02100A9CF6B /* LaunchScreen.storyboard */ = {
			isa = PBXVariantGroup;
			children = (
				CEC4AE7D23D5F02100A9CF6B /* Base */,
			);
			name = LaunchScreen.storyboard;
			sourceTree = "<group>";
		};
/* End PBXVariantGroup section */

/* Begin XCBuildConfiguration section */
		CEC4AE8B23D5F02100A9CF6B /* Debug */ = {
			isa = XCBuildConfiguration;
			buildSettings = {
				ALWAYS_SEARCH_USER_PATHS = NO;
				CLANG_ANALYZER_NONNULL = YES;
				CLANG_ANALYZER_NUMBER_OBJECT_CONVERSION = YES_AGGRESSIVE;
				CLANG_CXX_LANGUAGE_STANDARD = "gnu++14";
				CLANG_CXX_LIBRARY = "libc++";
				CLANG_ENABLE_MODULES = YES;
				CLANG_ENABLE_OBJC_ARC = YES;
				CLANG_ENABLE_OBJC_WEAK = YES;
				CLANG_WARN_BLOCK_CAPTURE_AUTORELEASING = YES;
				CLANG_WARN_BOOL_CONVERSION = YES;
				CLANG_WARN_COMMA = YES;
				CLANG_WARN_CONSTANT_CONVERSION = YES;
				CLANG_WARN_DEPRECATED_OBJC_IMPLEMENTATIONS = YES;
				CLANG_WARN_DIRECT_OBJC_ISA_USAGE = YES_ERROR;
				CLANG_WARN_DOCUMENTATION_COMMENTS = YES;
				CLANG_WARN_EMPTY_BODY = YES;
				CLANG_WARN_ENUM_CONVERSION = YES;
				CLANG_WARN_INFINITE_RECURSION = YES;
				CLANG_WARN_INT_CONVERSION = YES;
				CLANG_WARN_NON_LITERAL_NULL_CONVERSION = YES;
				CLANG_WARN_OBJC_IMPLICIT_RETAIN_SELF = YES;
				CLANG_WARN_OBJC_LITERAL_CONVERSION = YES;
				CLANG_WARN_OBJC_ROOT_CLASS = YES_ERROR;
				CLANG_WARN_RANGE_LOOP_ANALYSIS = YES;
				CLANG_WARN_STRICT_PROTOTYPES = YES;
				CLANG_WARN_SUSPICIOUS_MOVE = YES;
				CLANG_WARN_UNGUARDED_AVAILABILITY = YES_AGGRESSIVE;
				CLANG_WARN_UNREACHABLE_CODE = YES;
				CLANG_WARN__DUPLICATE_METHOD_MATCH = YES;
				COPY_PHASE_STRIP = NO;
				DEBUG_INFORMATION_FORMAT = dwarf;
				ENABLE_STRICT_OBJC_MSGSEND = YES;
				ENABLE_TESTABILITY = YES;
				GCC_C_LANGUAGE_STANDARD = gnu11;
				GCC_DYNAMIC_NO_PIC = NO;
				GCC_NO_COMMON_BLOCKS = YES;
				GCC_OPTIMIZATION_LEVEL = 0;
				GCC_PREPROCESSOR_DEFINITIONS = (
					"DEBUG=1",
					"$(inherited)",
				);
				GCC_WARN_64_TO_32_BIT_CONVERSION = YES;
				GCC_WARN_ABOUT_RETURN_TYPE = YES_ERROR;
				GCC_WARN_UNDECLARED_SELECTOR = YES;
				GCC_WARN_UNINITIALIZED_AUTOS = YES_AGGRESSIVE;
				GCC_WARN_UNUSED_FUNCTION = YES;
				GCC_WARN_UNUSED_VARIABLE = YES;
				IPHONEOS_DEPLOYMENT_TARGET = 11.0;
				MTL_ENABLE_DEBUG_INFO = INCLUDE_SOURCE;
				MTL_FAST_MATH = YES;
				ONLY_ACTIVE_ARCH = YES;
				SDKROOT = iphoneos;
				SWIFT_ACTIVE_COMPILATION_CONDITIONS = DEBUG;
				SWIFT_OPTIMIZATION_LEVEL = "-Onone";
			};
			name = Debug;
		};
		CEC4AE8C23D5F02100A9CF6B /* Release */ = {
			isa = XCBuildConfiguration;
			buildSettings = {
				ALWAYS_SEARCH_USER_PATHS = NO;
				CLANG_ANALYZER_NONNULL = YES;
				CLANG_ANALYZER_NUMBER_OBJECT_CONVERSION = YES_AGGRESSIVE;
				CLANG_CXX_LANGUAGE_STANDARD = "gnu++14";
				CLANG_CXX_LIBRARY = "libc++";
				CLANG_ENABLE_MODULES = YES;
				CLANG_ENABLE_OBJC_ARC = YES;
				CLANG_ENABLE_OBJC_WEAK = YES;
				CLANG_WARN_BLOCK_CAPTURE_AUTORELEASING = YES;
				CLANG_WARN_BOOL_CONVERSION = YES;
				CLANG_WARN_COMMA = YES;
				CLANG_WARN_CONSTANT_CONVERSION = YES;
				CLANG_WARN_DEPRECATED_OBJC_IMPLEMENTATIONS = YES;
				CLANG_WARN_DIRECT_OBJC_ISA_USAGE = YES_ERROR;
				CLANG_WARN_DOCUMENTATION_COMMENTS = YES;
				CLANG_WARN_EMPTY_BODY = YES;
				CLANG_WARN_ENUM_CONVERSION = YES;
				CLANG_WARN_INFINITE_RECURSION = YES;
				CLANG_WARN_INT_CONVERSION = YES;
				CLANG_WARN_NON_LITERAL_NULL_CONVERSION = YES;
				CLANG_WARN_OBJC_IMPLICIT_RETAIN_SELF = YES;
				CLANG_WARN_OBJC_LITERAL_CONVERSION = YES;
				CLANG_WARN_OBJC_ROOT_CLASS = YES_ERROR;
				CLANG_WARN_RANGE_LOOP_ANALYSIS = YES;
				CLANG_WARN_STRICT_PROTOTYPES = YES;
				CLANG_WARN_SUSPICIOUS_MOVE = YES;
				CLANG_WARN_UNGUARDED_AVAILABILITY = YES_AGGRESSIVE;
				CLANG_WARN_UNREACHABLE_CODE = YES;
				CLANG_WARN__DUPLICATE_METHOD_MATCH = YES;
				COPY_PHASE_STRIP = NO;
				DEBUG_INFORMATION_FORMAT = "dwarf-with-dsym";
				ENABLE_NS_ASSERTIONS = NO;
				ENABLE_STRICT_OBJC_MSGSEND = YES;
				GCC_C_LANGUAGE_STANDARD = gnu11;
				GCC_NO_COMMON_BLOCKS = YES;
				GCC_WARN_64_TO_32_BIT_CONVERSION = YES;
				GCC_WARN_ABOUT_RETURN_TYPE = YES_ERROR;
				GCC_WARN_UNDECLARED_SELECTOR = YES;
				GCC_WARN_UNINITIALIZED_AUTOS = YES_AGGRESSIVE;
				GCC_WARN_UNUSED_FUNCTION = YES;
				GCC_WARN_UNUSED_VARIABLE = YES;
				IPHONEOS_DEPLOYMENT_TARGET = 11.0;
				MTL_ENABLE_DEBUG_INFO = NO;
				MTL_FAST_MATH = YES;
				SDKROOT = iphoneos;
				SWIFT_COMPILATION_MODE = wholemodule;
				SWIFT_OPTIMIZATION_LEVEL = "-O";
				VALIDATE_PRODUCT = YES;
			};
			name = Release;
		};
		CEC4AE8E23D5F02100A9CF6B /* Debug */ = {
			isa = XCBuildConfiguration;
			baseConfigurationReference = 844EB62DA6C4F7E6BA632D55 /* Pods-Badi.debug.xcconfig */;
			buildSettings = {
				ASSETCATALOG_COMPILER_APPICON_NAME = AppIcon;
				CODE_SIGN_STYLE = Automatic;
				INFOPLIST_FILE = "Badi/Supporting files/Info.plist";
				LD_RUNPATH_SEARCH_PATHS = (
					"$(inherited)",
					"@executable_path/Frameworks",
				);
				PRODUCT_BUNDLE_IDENTIFIER = BadiGeeks.Badi;
				PRODUCT_NAME = "$(TARGET_NAME)";
				SWIFT_VERSION = 5.0;
				TARGETED_DEVICE_FAMILY = "1,2";
			};
			name = Debug;
		};
		CEC4AE8F23D5F02100A9CF6B /* Release */ = {
			isa = XCBuildConfiguration;
			baseConfigurationReference = E190F78E27B1C24322D22EDB /* Pods-Badi.release.xcconfig */;
			buildSettings = {
				ASSETCATALOG_COMPILER_APPICON_NAME = AppIcon;
				CODE_SIGN_STYLE = Automatic;
				INFOPLIST_FILE = "Badi/Supporting files/Info.plist";
				LD_RUNPATH_SEARCH_PATHS = (
					"$(inherited)",
					"@executable_path/Frameworks",
				);
				PRODUCT_BUNDLE_IDENTIFIER = BadiGeeks.Badi;
				PRODUCT_NAME = "$(TARGET_NAME)";
				SWIFT_VERSION = 5.0;
				TARGETED_DEVICE_FAMILY = "1,2";
			};
			name = Release;
		};
		CEC4AE9123D5F02100A9CF6B /* Debug */ = {
			isa = XCBuildConfiguration;
			baseConfigurationReference = 33AA84083543E75C0D881E8B /* Pods-BadiTests.debug.xcconfig */;
			buildSettings = {
				ALWAYS_EMBED_SWIFT_STANDARD_LIBRARIES = YES;
				BUNDLE_LOADER = "$(TEST_HOST)";
				CODE_SIGN_STYLE = Automatic;
				INFOPLIST_FILE = BadiTests/Info.plist;
				IPHONEOS_DEPLOYMENT_TARGET = 13.2;
				LD_RUNPATH_SEARCH_PATHS = (
					"$(inherited)",
					"@executable_path/Frameworks",
					"@loader_path/Frameworks",
				);
				PRODUCT_BUNDLE_IDENTIFIER = BadiGeeks.BadiTests;
				PRODUCT_NAME = "$(TARGET_NAME)";
				SWIFT_VERSION = 5.0;
				TARGETED_DEVICE_FAMILY = "1,2";
				TEST_HOST = "$(BUILT_PRODUCTS_DIR)/Badi.app/Badi";
			};
			name = Debug;
		};
		CEC4AE9223D5F02100A9CF6B /* Release */ = {
			isa = XCBuildConfiguration;
			baseConfigurationReference = D6318277FB2BB0780B3E3E3B /* Pods-BadiTests.release.xcconfig */;
			buildSettings = {
				ALWAYS_EMBED_SWIFT_STANDARD_LIBRARIES = YES;
				BUNDLE_LOADER = "$(TEST_HOST)";
				CODE_SIGN_STYLE = Automatic;
				INFOPLIST_FILE = BadiTests/Info.plist;
				IPHONEOS_DEPLOYMENT_TARGET = 13.2;
				LD_RUNPATH_SEARCH_PATHS = (
					"$(inherited)",
					"@executable_path/Frameworks",
					"@loader_path/Frameworks",
				);
				PRODUCT_BUNDLE_IDENTIFIER = BadiGeeks.BadiTests;
				PRODUCT_NAME = "$(TARGET_NAME)";
				SWIFT_VERSION = 5.0;
				TARGETED_DEVICE_FAMILY = "1,2";
				TEST_HOST = "$(BUILT_PRODUCTS_DIR)/Badi.app/Badi";
			};
			name = Release;
		};
/* End XCBuildConfiguration section */

/* Begin XCConfigurationList section */
		CEC4AE6923D5F02000A9CF6B /* Build configuration list for PBXProject "Badi" */ = {
			isa = XCConfigurationList;
			buildConfigurations = (
				CEC4AE8B23D5F02100A9CF6B /* Debug */,
				CEC4AE8C23D5F02100A9CF6B /* Release */,
			);
			defaultConfigurationIsVisible = 0;
			defaultConfigurationName = Release;
		};
		CEC4AE8D23D5F02100A9CF6B /* Build configuration list for PBXNativeTarget "Badi" */ = {
			isa = XCConfigurationList;
			buildConfigurations = (
				CEC4AE8E23D5F02100A9CF6B /* Debug */,
				CEC4AE8F23D5F02100A9CF6B /* Release */,
			);
			defaultConfigurationIsVisible = 0;
			defaultConfigurationName = Release;
		};
		CEC4AE9023D5F02100A9CF6B /* Build configuration list for PBXNativeTarget "BadiTests" */ = {
			isa = XCConfigurationList;
			buildConfigurations = (
				CEC4AE9123D5F02100A9CF6B /* Debug */,
				CEC4AE9223D5F02100A9CF6B /* Release */,
			);
			defaultConfigurationIsVisible = 0;
			defaultConfigurationName = Release;
		};
/* End XCConfigurationList section */
	};
	rootObject = CEC4AE6623D5F02000A9CF6B /* Project object */;
}
